{
  "name": "ft-data",
  "version": "1.0.0",
  "lockfileVersion": 1,
  "requires": true,
  "dependencies": {
    "@types/node": {
      "version": "12.0.2",
      "resolved": "https://nisappsec.pwc.com:443/artifactory/api/npm/pwc-npm-gcp/@types/node/-/node-12.0.2.tgz",
      "integrity": "sha1-NFKiTt+f6hOLSPrUoKAopoPaHkA="
    },
    "asynckit": {
      "version": "0.4.0",
      "resolved": "https://nisappsec.pwc.com:443/artifactory/api/npm/pwc-npm-gcp/asynckit/-/asynckit-0.4.0.tgz",
      "integrity": "sha1-x57Zf380y48robyXkLzDZkdLS3k="
    },
    "boolbase": {
      "version": "1.0.0",
      "resolved": "https://nisappsec.pwc.com:443/artifactory/api/npm/pwc-npm-gcp/boolbase/-/boolbase-1.0.0.tgz",
      "integrity": "sha1-aN/1++YMUes3cl6p4+0xDcwed24="
    },
    "cheerio": {
      "version": "1.0.0-rc.3",
      "resolved": "https://nisappsec.pwc.com:443/artifactory/api/npm/pwc-npm-gcp/cheerio/-/cheerio-1.0.0-rc.3.tgz",
      "integrity": "sha1-CUY21CWy6cD065GkbAVjDJoai/Y=",
      "requires": {
        "css-select": "1.2.0",
        "dom-serializer": "0.1.1",
        "entities": "1.1.2",
        "htmlparser2": "3.10.1",
        "lodash": "4.17.11",
        "parse5": "3.0.3"
      }
    },
    "combined-stream": {
      "version": "1.0.8",
      "resolved": "https://nisappsec.pwc.com:443/artifactory/api/npm/pwc-npm-gcp/combined-stream/-/combined-stream-1.0.8.tgz",
      "integrity": "sha1-w9RaizT9cwYxoRCoolIGgrMdWn8=",
      "requires": {
        "delayed-stream": "1.0.0"
      }
    },
    "component-emitter": {
      "version": "1.3.0",
      "resolved": "https://nisappsec.pwc.com:443/artifactory/api/npm/pwc-npm-gcp/component-emitter/-/component-emitter-1.3.0.tgz",
      "integrity": "sha1-FuQHD7qK4ptnnyIVhT7hgasuq8A="
    },
    "cookiejar": {
      "version": "2.1.2",
      "resolved": "https://nisappsec.pwc.com:443/artifactory/api/npm/pwc-npm-gcp/cookiejar/-/cookiejar-2.1.2.tgz",
      "integrity": "sha1-3YojVTB1L5iPmghE8/xYnjERElw="
    },
    "css-select": {
      "version": "1.2.0",
      "resolved": "https://nisappsec.pwc.com:443/artifactory/api/npm/pwc-npm-gcp/css-select/-/css-select-1.2.0.tgz",
      "integrity": "sha1-KzoRBTnFNV8c2NMUYj6HCxIeyFg=",
      "requires": {
        "boolbase": "1.0.0",
        "css-what": "2.1.3",
        "domutils": "1.5.1",
        "nth-check": "1.0.2"
      }
    },
    "css-what": {
      "version": "2.1.3",
      "resolved": "https://nisappsec.pwc.com:443/artifactory/api/npm/pwc-npm-gcp/css-what/-/css-what-2.1.3.tgz",
      "integrity": "sha1-ptdgRXM2X+dGhsPzEcVlE9iChfI="
    },
    "debug": {
      "version": "4.1.1",
      "resolved": "https://nisappsec.pwc.com:443/artifactory/api/npm/pwc-npm-gcp/debug/-/debug-4.1.1.tgz",
      "integrity": "sha1-O3ImAlUQnGtYnO4FDx1RYTlmR5E=",
      "requires": {
        "ms": "2.1.1"
      }
    },
    "delayed-stream": {
      "version": "1.0.0",
      "resolved": "https://nisappsec.pwc.com:443/artifactory/api/npm/pwc-npm-gcp/delayed-stream/-/delayed-stream-1.0.0.tgz",
      "integrity": "sha1-3zrhmayt+31ECqrgsp4icrJOxhk="
    },
    "dom-serializer": {
      "version": "0.1.1",
      "resolved": "https://nisappsec.pwc.com:443/artifactory/api/npm/pwc-npm-gcp/dom-serializer/-/dom-serializer-0.1.1.tgz",
      "integrity": "sha1-HsQFnihLq+027sKUHUqXChic58A=",
      "requires": {
        "domelementtype": "1.3.1",
        "entities": "1.1.2"
      }
    },
    "domelementtype": {
      "version": "1.3.1",
      "resolved": "https://nisappsec.pwc.com:443/artifactory/api/npm/pwc-npm-gcp/domelementtype/-/domelementtype-1.3.1.tgz",
      "integrity": "sha1-0EjESzew0Qp/Kj1f7j9DM9eQSB8="
    },
    "domhandler": {
      "version": "2.4.2",
      "resolved": "https://nisappsec.pwc.com:443/artifactory/api/npm/pwc-npm-gcp/domhandler/-/domhandler-2.4.2.tgz",
      "integrity": "sha1-iAUJfpM9ZehVRvcm1g9euItE+AM=",
      "requires": {
        "domelementtype": "1.3.1"
      }
    },
    "domutils": {
      "version": "1.5.1",
      "resolved": "https://nisappsec.pwc.com:443/artifactory/api/npm/pwc-npm-gcp/domutils/-/domutils-1.5.1.tgz",
      "integrity": "sha1-3NhIiib1Y9YQeeSMn3t+Mjc2gs8=",
      "requires": {
        "dom-serializer": "0.1.1",
        "domelementtype": "1.3.1"
      }
    },
    "entities": {
      "version": "1.1.2",
      "resolved": "https://nisappsec.pwc.com:443/artifactory/api/npm/pwc-npm-gcp/entities/-/entities-1.1.2.tgz",
      "integrity": "sha1-vfpzUplmTfr9NFKe1PhSKidf6lY="
    },
    "form-data": {
      "version": "2.3.3",
      "resolved": "https://nisappsec.pwc.com:443/artifactory/api/npm/pwc-npm-gcp/form-data/-/form-data-2.3.3.tgz",
      "integrity": "sha1-3M5SwF9kTymManq5Nr1yTO/786Y=",
      "requires": {
        "asynckit": "0.4.0",
        "combined-stream": "1.0.8",
        "mime-types": "2.1.24"
      }
    },
    "formidable": {
      "version": "1.2.1",
      "resolved": "https://nisappsec.pwc.com:443/artifactory/api/npm/pwc-npm-gcp/formidable/-/formidable-1.2.1.tgz",
      "integrity": "sha1-cPt8oCkO5v+WEJBBX0s989IIJlk="
    },
    "htmlparser2": {
      "version": "3.10.1",
      "resolved": "https://nisappsec.pwc.com:443/artifactory/api/npm/pwc-npm-gcp/htmlparser2/-/htmlparser2-3.10.1.tgz",
      "integrity": "sha1-vWedw/WYl7ajS7EHSchVu1OpOS8=",
      "requires": {
        "domelementtype": "1.3.1",
        "domhandler": "2.4.2",
        "domutils": "1.5.1",
        "entities": "1.1.2",
        "inherits": "2.0.3",
        "readable-stream": "3.3.0"
      }
    },
    "inherits": {
      "version": "2.0.3",
      "resolved": "https://nisappsec.pwc.com:443/artifactory/api/npm/pwc-npm-gcp/inherits/-/inherits-2.0.3.tgz",
      "integrity": "sha1-Yzwsg+PaQqUC9SRmAiSA9CCCYd4="
    },
    "lodash": {
      "version": "4.17.11",
      "resolved": "https://nisappsec.pwc.com:443/artifactory/api/npm/pwc-npm-gcp/lodash/-/lodash-4.17.11.tgz",
      "integrity": "sha1-s56mIp72B+zYniyN8SU2iRysm40="
    },
    "methods": {
      "version": "1.1.2",
      "resolved": "https://nisappsec.pwc.com:443/artifactory/api/npm/pwc-npm-gcp/methods/-/methods-1.1.2.tgz",
      "integrity": "sha1-VSmk1nZUE07cxSZmVoNbD4Ua/O4="
    },
    "mime": {
      "version": "2.4.2",
      "resolved": "https://nisappsec.pwc.com:443/artifactory/api/npm/pwc-npm-gcp/mime/-/mime-2.4.2.tgz",
      "integrity": "sha1-zlIppemf/DE6usgGtILBDnumrHg="
    },
    "mime-db": {
      "version": "1.40.0",
      "resolved": "https://nisappsec.pwc.com:443/artifactory/api/npm/pwc-npm-gcp/mime-db/-/mime-db-1.40.0.tgz",
      "integrity": "sha1-plBX6ZjbCQ9zKmj2wnbTh9QSbDI="
    },
    "mime-types": {
      "version": "2.1.24",
      "resolved": "https://nisappsec.pwc.com:443/artifactory/api/npm/pwc-npm-gcp/mime-types/-/mime-types-2.1.24.tgz",
      "integrity": "sha1-tvjQs+lR77d97eyhlM/20W9nb4E=",
      "requires": {
        "mime-db": "1.40.0"
      }
    },
    "ms": {
      "version": "2.1.1",
      "resolved": "https://nisappsec.pwc.com:443/artifactory/api/npm/pwc-npm-gcp/ms/-/ms-2.1.1.tgz",
      "integrity": "sha1-MKWGTrPrsKZvLr5tcnrwagnYbgo="
    },
    "nth-check": {
      "version": "1.0.2",
      "resolved": "https://nisappsec.pwc.com:443/artifactory/api/npm/pwc-npm-gcp/nth-check/-/nth-check-1.0.2.tgz",
      "integrity": "sha1-sr0pXDfj3VijvwcAN2Zjuk2c8Fw=",
      "requires": {
        "boolbase": "1.0.0"
      }
    },
    "parse5": {
      "version": "3.0.3",
      "resolved": "https://nisappsec.pwc.com:443/artifactory/api/npm/pwc-npm-gcp/parse5/-/parse5-3.0.3.tgz",
      "integrity": "sha1-BC95L/3TaFFVHPTp4Gazh0q0W1w=",
      "requires": {
        "@types/node": "12.0.2"
      }
    },
    "qs": {
      "version": "6.7.0",
      "resolved": "https://nisappsec.pwc.com:443/artifactory/api/npm/pwc-npm-gcp/qs/-/qs-6.7.0.tgz",
      "integrity": "sha1-QdwaAV49WB8WIXdr4xr7KHapsbw="
    },
    "readable-stream": {
      "version": "3.3.0",
      "resolved": "https://nisappsec.pwc.com:443/artifactory/api/npm/pwc-npm-gcp/readable-stream/-/readable-stream-3.3.0.tgz",
      "integrity": "sha1-y4ARqtAC63F78EApH+uoVpyYb7k=",
      "requires": {
        "inherits": "2.0.3",
        "string_decoder": "1.2.0",
        "util-deprecate": "1.0.2"
      }
    },
    "safe-buffer": {
      "version": "5.1.2",
      "resolved": "https://nisappsec.pwc.com:443/artifactory/api/npm/pwc-npm-gcp/safe-buffer/-/safe-buffer-5.1.2.tgz",
      "integrity": "sha1-mR7GnSluAxN0fVm9/St0XDX4go0="
    },
    "semver": {
      "version": "6.0.0",
      "resolved": "https://nisappsec.pwc.com:443/artifactory/api/npm/pwc-npm-gcp/semver/-/semver-6.0.0.tgz",
      "integrity": "sha1-BeNZ7lceWtftZBpu7B5Ue6Ut6mU="
    },
    "string_decoder": {
      "version": "1.2.0",
      "resolved": "https://nisappsec.pwc.com:443/artifactory/api/npm/pwc-npm-gcp/string_decoder/-/string_decoder-1.2.0.tgz",
      "integrity": "sha1-/obnOLGVRK/nBGkkOyoe6SQOro0=",
      "requires": {
        "safe-buffer": "5.1.2"
      }
    },
    "superagent": {
      "version": "5.0.5",
      "resolved": "https://nisappsec.pwc.com:443/artifactory/api/npm/pwc-npm-gcp/superagent/-/superagent-5.0.5.tgz",
      "integrity": "sha1-U9D1eMTbCqsahJtkevAbl1D4ouc=",
      "requires": {
        "component-emitter": "1.3.0",
        "cookiejar": "2.1.2",
        "debug": "4.1.1",
        "form-data": "2.3.3",
        "formidable": "1.2.1",
        "methods": "1.1.2",
        "mime": "2.4.2",
        "qs": "6.7.0",
        "readable-stream": "3.3.0",
        "semver": "6.0.0"
      }
    },
    "util-deprecate": {
      "version": "1.0.2",
      "resolved": "https://nisappsec.pwc.com:443/artifactory/api/npm/pwc-npm-gcp/util-deprecate/-/util-deprecate-1.0.2.tgz",
      "integrity": "sha1-RQ1Nyfpw3nMnYvvS1KKJgUGaDM8="
    }
  }
}
